
Microsoft Visual Studio Solution File, Format Version 12.00
# Visual Studio 15
VisualStudioVersion = 15.0.28307.572
MinimumVisualStudioVersion = 10.0.40219.1
Project("{FAE04EC0-301F-11D3-BF4B-00C04F79EFBC}") = "ContractManager4", "ContractManager4\ContractManager4.csproj", "{60A93935-5B81-40DF-861F-EBD820905857}"
EndProject
Project("{FAE04EC0-301F-11D3-BF4B-00C04F79EFBC}") = "ContractManager4.Tests", "ContractManager4.Tests\ContractManager4.Tests.csproj", "{3A0228E5-94FE-4171-9C96-95C23D84B692}"
EndProject
Global
	GlobalSection(SolutionConfigurationPlatforms) = preSolution
		Debug|Any CPU = Debug|Any CPU
		Release|Any CPU = Release|Any CPU
	EndGlobalSection
	GlobalSection(ProjectConfigurationPlatforms) = postSolution
		{60A93935-5B81-40DF-861F-EBD820905857}.Debug|Any CPU.ActiveCfg = Debug|Any CPU
		{60A93935-5B81-40DF-861F-EBD820905857}.Debug|Any CPU.Build.0 = Debug|Any CPU
		{60A93935-5B81-40DF-861F-EBD820905857}.Release|Any CPU.ActiveCfg = Release|Any CPU
		{60A93935-5B81-40DF-861F-EBD820905857}.Release|Any CPU.Build.0 = Release|Any CPU
		{3A0228E5-94FE-4171-9C96-95C23D84B692}.Debug|Any CPU.ActiveCfg = Debug|Any CPU
		{3A0228E5-94FE-4171-9C96-95C23D84B692}.Debug|Any CPU.Build.0 = Debug|Any CPU
		{3A0228E5-94FE-4171-9C96-95C23D84B692}.Release|Any CPU.ActiveCfg = Release|Any CPU
		{3A0228E5-94FE-4171-9C96-95C23D84B692}.Release|Any CPU.Build.0 = Release|Any CPU
	EndGlobalSection
	GlobalSection(SolutionProperties) = preSolution
		HideSolutionNode = FALSE
	EndGlobalSection
	GlobalSection(ExtensibilityGlobals) = postSolution
		SolutionGuid = {69C2190F-966F-4D07-AB0A-9BCE293099C3}
	EndGlobalSection
EndGlobal
